// !$*UTF8*$!
{
	archiveVersion = 1;
	classes = {
	};
	objectVersion = 50;
	objects = {

/* Begin PBXBuildFile section */
		3745B3C720A3DDDD00BAB97C /* AppDelegate.swift in Sources */ = {isa = PBXBuildFile; fileRef = 3745B3C620A3DDDD00BAB97C /* AppDelegate.swift */; };
		3745B3C920A3DDDD00BAB97C /* FirstViewController.swift in Sources */ = {isa = PBXBuildFile; fileRef = 3745B3C820A3DDDD00BAB97C /* FirstViewController.swift */; };
		3745B3CB20A3DDDD00BAB97C /* SecondViewController.swift in Sources */ = {isa = PBXBuildFile; fileRef = 3745B3CA20A3DDDD00BAB97C /* SecondViewController.swift */; };
		3745B3CE20A3DDDD00BAB97C /* Main.storyboard in Resources */ = {isa = PBXBuildFile; fileRef = 3745B3CC20A3DDDD00BAB97C /* Main.storyboard */; };
		3745B3D020A3DDDF00BAB97C /* Assets.xcassets in Resources */ = {isa = PBXBuildFile; fileRef = 3745B3CF20A3DDDF00BAB97C /* Assets.xcassets */; };
		3745B3D320A3DDDF00BAB97C /* LaunchScreen.storyboard in Resources */ = {isa = PBXBuildFile; fileRef = 3745B3D120A3DDDF00BAB97C /* LaunchScreen.storyboard */; };
		3745B3DE20A3DDDF00BAB97C /* messageAppTests.swift in Sources */ = {isa = PBXBuildFile; fileRef = 3745B3DD20A3DDDF00BAB97C /* messageAppTests.swift */; };
		3745B3E920A3DDDF00BAB97C /* messageAppUITests.swift in Sources */ = {isa = PBXBuildFile; fileRef = 3745B3E820A3DDDF00BAB97C /* messageAppUITests.swift */; };
		3745B3F720A3DF4D00BAB97C /* GoogleService-Info.plist in Resources */ = {isa = PBXBuildFile; fileRef = 3745B3F620A3DF4C00BAB97C /* GoogleService-Info.plist */; };
		37E21B3320A593D100A97986 /* SelfMessageTableViewCell.swift in Sources */ = {isa = PBXBuildFile; fileRef = 37E21B3120A593D100A97986 /* SelfMessageTableViewCell.swift */; };
		37E21B3420A593D100A97986 /* SelfMessageTableViewCell.xib in Resources */ = {isa = PBXBuildFile; fileRef = 37E21B3220A593D100A97986 /* SelfMessageTableViewCell.xib */; };
		7D349A1B402D5E2833E27EAE /* Pods_messageAppUITests.framework in Frameworks */ = {isa = PBXBuildFile; fileRef = A58481D8D0F93B305C502213 /* Pods_messageAppUITests.framework */; };
		B25A94F976CB7E121B7ECC76 /* Pods_messageAppTests.framework in Frameworks */ = {isa = PBXBuildFile; fileRef = F1CB029C2A1280550C96812C /* Pods_messageAppTests.framework */; };
		C01AD15D0FCD4618934930F2 /* Pods_messageApp.framework in Frameworks */ = {isa = PBXBuildFile; fileRef = 52312CC30B0121BAD628FB67 /* Pods_messageApp.framework */; };
/* End PBXBuildFile section */

/* Begin PBXContainerItemProxy section */
		3745B3DA20A3DDDF00BAB97C /* PBXContainerItemProxy */ = {
			isa = PBXContainerItemProxy;
			containerPortal = 3745B3BB20A3DDDD00BAB97C /* Project object */;
			proxyType = 1;
			remoteGlobalIDString = 3745B3C220A3DDDD00BAB97C;
			remoteInfo = messageApp;
		};
		3745B3E520A3DDDF00BAB97C /* PBXContainerItemProxy */ = {
			isa = PBXContainerItemProxy;
			containerPortal = 3745B3BB20A3DDDD00BAB97C /* Project object */;
			proxyType = 1;
			remoteGlobalIDString = 3745B3C220A3DDDD00BAB97C;
			remoteInfo = messageApp;
		};
/* End PBXContainerItemProxy section */

/* Begin PBXFileReference section */
		0C79AA263D8DF55C6F9EA677 /* Pods-messageAppUITests.release.xcconfig */ = {isa = PBXFileReference; includeInIndex = 1; lastKnownFileType = text.xcconfig; name = "Pods-messageAppUITests.release.xcconfig"; path = "Pods/Target Support Files/Pods-messageAppUITests/Pods-messageAppUITests.release.xcconfig"; sourceTree = "<group>"; };
		33966E639EA1BEF6CAA648BA /* Pods-messageAppTests.debug.xcconfig */ = {isa = PBXFileReference; includeInIndex = 1; lastKnownFileType = text.xcconfig; name = "Pods-messageAppTests.debug.xcconfig"; path = "Pods/Target Support Files/Pods-messageAppTests/Pods-messageAppTests.debug.xcconfig"; sourceTree = "<group>"; };
		3745B3C320A3DDDD00BAB97C /* messageApp.app */ = {isa = PBXFileReference; explicitFileType = wrapper.application; includeInIndex = 0; path = messageApp.app; sourceTree = BUILT_PRODUCTS_DIR; };
		3745B3C620A3DDDD00BAB97C /* AppDelegate.swift */ = {isa = PBXFileReference; lastKnownFileType = sourcecode.swift; path = AppDelegate.swift; sourceTree = "<group>"; };
		3745B3C820A3DDDD00BAB97C /* FirstViewController.swift */ = {isa = PBXFileReference; lastKnownFileType = sourcecode.swift; path = FirstViewController.swift; sourceTree = "<group>"; };
		3745B3CA20A3DDDD00BAB97C /* SecondViewController.swift */ = {isa = PBXFileReference; lastKnownFileType = sourcecode.swift; path = SecondViewController.swift; sourceTree = "<group>"; };
		3745B3CD20A3DDDD00BAB97C /* Base */ = {isa = PBXFileReference; lastKnownFileType = file.storyboard; name = Base; path = Base.lproj/Main.storyboard; sourceTree = "<group>"; };
		3745B3CF20A3DDDF00BAB97C /* Assets.xcassets */ = {isa = PBXFileReference; lastKnownFileType = folder.assetcatalog; path = Assets.xcassets; sourceTree = "<group>"; };
		3745B3D220A3DDDF00BAB97C /* Base */ = {isa = PBXFileReference; lastKnownFileType = file.storyboard; name = Base; path = Base.lproj/LaunchScreen.storyboard; sourceTree = "<group>"; };
		3745B3D420A3DDDF00BAB97C /* Info.plist */ = {isa = PBXFileReference; lastKnownFileType = text.plist.xml; path = Info.plist; sourceTree = "<group>"; };
		3745B3D920A3DDDF00BAB97C /* messageAppTests.xctest */ = {isa = PBXFileReference; explicitFileType = wrapper.cfbundle; includeInIndex = 0; path = messageAppTests.xctest; sourceTree = BUILT_PRODUCTS_DIR; };
		3745B3DD20A3DDDF00BAB97C /* messageAppTests.swift */ = {isa = PBXFileReference; lastKnownFileType = sourcecode.swift; path = messageAppTests.swift; sourceTree = "<group>"; };
		3745B3DF20A3DDDF00BAB97C /* Info.plist */ = {isa = PBXFileReference; lastKnownFileType = text.plist.xml; path = Info.plist; sourceTree = "<group>"; };
		3745B3E420A3DDDF00BAB97C /* messageAppUITests.xctest */ = {isa = PBXFileReference; explicitFileType = wrapper.cfbundle; includeInIndex = 0; path = messageAppUITests.xctest; sourceTree = BUILT_PRODUCTS_DIR; };
		3745B3E820A3DDDF00BAB97C /* messageAppUITests.swift */ = {isa = PBXFileReference; lastKnownFileType = sourcecode.swift; path = messageAppUITests.swift; sourceTree = "<group>"; };
		3745B3EA20A3DDDF00BAB97C /* Info.plist */ = {isa = PBXFileReference; lastKnownFileType = text.plist.xml; path = Info.plist; sourceTree = "<group>"; };
		3745B3F620A3DF4C00BAB97C /* GoogleService-Info.plist */ = {isa = PBXFileReference; fileEncoding = 4; lastKnownFileType = text.plist.xml; path = "GoogleService-Info.plist"; sourceTree = "<group>"; };
		37E21B3120A593D100A97986 /* SelfMessageTableViewCell.swift */ = {isa = PBXFileReference; lastKnownFileType = sourcecode.swift; path = SelfMessageTableViewCell.swift; sourceTree = "<group>"; };
		37E21B3220A593D100A97986 /* SelfMessageTableViewCell.xib */ = {isa = PBXFileReference; lastKnownFileType = file.xib; path = SelfMessageTableViewCell.xib; sourceTree = "<group>"; };
		46158C86B913D2EF9F3334A6 /* Pods-messageApp.release.xcconfig */ = {isa = PBXFileReference; includeInIndex = 1; lastKnownFileType = text.xcconfig; name = "Pods-messageApp.release.xcconfig"; path = "Pods/Target Support Files/Pods-messageApp/Pods-messageApp.release.xcconfig"; sourceTree = "<group>"; };
		4CFB6208F914069AF6A767C8 /* Pods-messageApp.debug.xcconfig */ = {isa = PBXFileReference; includeInIndex = 1; lastKnownFileType = text.xcconfig; name = "Pods-messageApp.debug.xcconfig"; path = "Pods/Target Support Files/Pods-messageApp/Pods-messageApp.debug.xcconfig"; sourceTree = "<group>"; };
		52312CC30B0121BAD628FB67 /* Pods_messageApp.framework */ = {isa = PBXFileReference; explicitFileType = wrapper.framework; includeInIndex = 0; path = Pods_messageApp.framework; sourceTree = BUILT_PRODUCTS_DIR; };
		6369EE032A88B1C3E0C2515C /* Pods-messageAppTests.release.xcconfig */ = {isa = PBXFileReference; includeInIndex = 1; lastKnownFileType = text.xcconfig; name = "Pods-messageAppTests.release.xcconfig"; path = "Pods/Target Support Files/Pods-messageAppTests/Pods-messageAppTests.release.xcconfig"; sourceTree = "<group>"; };
		A58481D8D0F93B305C502213 /* Pods_messageAppUITests.framework */ = {isa = PBXFileReference; explicitFileType = wrapper.framework; includeInIndex = 0; path = Pods_messageAppUITests.framework; sourceTree = BUILT_PRODUCTS_DIR; };
		F1CB029C2A1280550C96812C /* Pods_messageAppTests.framework */ = {isa = PBXFileReference; explicitFileType = wrapper.framework; includeInIndex = 0; path = Pods_messageAppTests.framework; sourceTree = BUILT_PRODUCTS_DIR; };
		F7DB5C39A3E7D7FED9D12586 /* Pods-messageAppUITests.debug.xcconfig */ = {isa = PBXFileReference; includeInIndex = 1; lastKnownFileType = text.xcconfig; name = "Pods-messageAppUITests.debug.xcconfig"; path = "Pods/Target Support Files/Pods-messageAppUITests/Pods-messageAppUITests.debug.xcconfig"; sourceTree = "<group>"; };
/* End PBXFileReference section */

/* Begin PBXFrameworksBuildPhase section */
		3745B3C020A3DDDD00BAB97C /* Frameworks */ = {
			isa = PBXFrameworksBuildPhase;
			buildActionMask = 2147483647;
			files = (
				C01AD15D0FCD4618934930F2 /* Pods_messageApp.framework in Frameworks */,
			);
			runOnlyForDeploymentPostprocessing = 0;
		};
		3745B3D620A3DDDF00BAB97C /* Frameworks */ = {
			isa = PBXFrameworksBuildPhase;
			buildActionMask = 2147483647;
			files = (
				B25A94F976CB7E121B7ECC76 /* Pods_messageAppTests.framework in Frameworks */,
			);
			runOnlyForDeploymentPostprocessing = 0;
		};
		3745B3E120A3DDDF00BAB97C /* Frameworks */ = {
			isa = PBXFrameworksBuildPhase;
			buildActionMask = 2147483647;
			files = (
				7D349A1B402D5E2833E27EAE /* Pods_messageAppUITests.framework in Frameworks */,
			);
			runOnlyForDeploymentPostprocessing = 0;
		};
/* End PBXFrameworksBuildPhase section */

/* Begin PBXGroup section */
		3745B3BA20A3DDDD00BAB97C = {
			isa = PBXGroup;
			children = (
				3745B3C520A3DDDD00BAB97C /* messageApp */,
				3745B3DC20A3DDDF00BAB97C /* messageAppTests */,
				3745B3E720A3DDDF00BAB97C /* messageAppUITests */,
				3745B3C420A3DDDD00BAB97C /* Products */,
				70A973ACBF43F624916D9050 /* Pods */,
				9EB7D7A131D92B3668B9C7A0 /* Frameworks */,
			);
			sourceTree = "<group>";
		};
		3745B3C420A3DDDD00BAB97C /* Products */ = {
			isa = PBXGroup;
			children = (
				3745B3C320A3DDDD00BAB97C /* messageApp.app */,
				3745B3D920A3DDDF00BAB97C /* messageAppTests.xctest */,
				3745B3E420A3DDDF00BAB97C /* messageAppUITests.xctest */,
			);
			name = Products;
			sourceTree = "<group>";
		};
		3745B3C520A3DDDD00BAB97C /* messageApp */ = {
			isa = PBXGroup;
			children = (
				37E21B3020A593B700A97986 /* View */,
				3745B3C620A3DDDD00BAB97C /* AppDelegate.swift */,
				3745B3C820A3DDDD00BAB97C /* FirstViewController.swift */,
				3745B3CA20A3DDDD00BAB97C /* SecondViewController.swift */,
				3745B3CC20A3DDDD00BAB97C /* Main.storyboard */,
				3745B3CF20A3DDDF00BAB97C /* Assets.xcassets */,
				3745B3D120A3DDDF00BAB97C /* LaunchScreen.storyboard */,
				3745B3D420A3DDDF00BAB97C /* Info.plist */,
				3745B3F620A3DF4C00BAB97C /* GoogleService-Info.plist */,
			);
			path = messageApp;
			sourceTree = "<group>";
		};
		3745B3DC20A3DDDF00BAB97C /* messageAppTests */ = {
			isa = PBXGroup;
			children = (
				3745B3DD20A3DDDF00BAB97C /* messageAppTests.swift */,
				3745B3DF20A3DDDF00BAB97C /* Info.plist */,
			);
			path = messageAppTests;
			sourceTree = "<group>";
		};
		3745B3E720A3DDDF00BAB97C /* messageAppUITests */ = {
			isa = PBXGroup;
			children = (
				3745B3E820A3DDDF00BAB97C /* messageAppUITests.swift */,
				3745B3EA20A3DDDF00BAB97C /* Info.plist */,
			);
			path = messageAppUITests;
			sourceTree = "<group>";
		};
		37E21B3020A593B700A97986 /* View */ = {
			isa = PBXGroup;
			children = (
				37E21B3120A593D100A97986 /* SelfMessageTableViewCell.swift */,
				37E21B3220A593D100A97986 /* SelfMessageTableViewCell.xib */,
			);
			path = View;
			sourceTree = "<group>";
		};
		70A973ACBF43F624916D9050 /* Pods */ = {
			isa = PBXGroup;
			children = (
				4CFB6208F914069AF6A767C8 /* Pods-messageApp.debug.xcconfig */,
				46158C86B913D2EF9F3334A6 /* Pods-messageApp.release.xcconfig */,
				33966E639EA1BEF6CAA648BA /* Pods-messageAppTests.debug.xcconfig */,
				6369EE032A88B1C3E0C2515C /* Pods-messageAppTests.release.xcconfig */,
				F7DB5C39A3E7D7FED9D12586 /* Pods-messageAppUITests.debug.xcconfig */,
				0C79AA263D8DF55C6F9EA677 /* Pods-messageAppUITests.release.xcconfig */,
			);
			name = Pods;
			sourceTree = "<group>";
		};
		9EB7D7A131D92B3668B9C7A0 /* Frameworks */ = {
			isa = PBXGroup;
			children = (
				52312CC30B0121BAD628FB67 /* Pods_messageApp.framework */,
				F1CB029C2A1280550C96812C /* Pods_messageAppTests.framework */,
				A58481D8D0F93B305C502213 /* Pods_messageAppUITests.framework */,
			);
			name = Frameworks;
			sourceTree = "<group>";
		};
/* End PBXGroup section */

/* Begin PBXNativeTarget section */
		3745B3C220A3DDDD00BAB97C /* messageApp */ = {
			isa = PBXNativeTarget;
			buildConfigurationList = 3745B3ED20A3DDDF00BAB97C /* Build configuration list for PBXNativeTarget "messageApp" */;
			buildPhases = (
				C1A170AAA0A43E49AD111179 /* [CP] Check Pods Manifest.lock */,
				3745B3BF20A3DDDD00BAB97C /* Sources */,
				3745B3C020A3DDDD00BAB97C /* Frameworks */,
				3745B3C120A3DDDD00BAB97C /* Resources */,
				8494F673D68EBC6049CD3A44 /* [CP] Embed Pods Frameworks */,
			);
			buildRules = (
			);
			dependencies = (
			);
			name = messageApp;
			productName = messageApp;
			productReference = 3745B3C320A3DDDD00BAB97C /* messageApp.app */;
			productType = "com.apple.product-type.application";
		};
		3745B3D820A3DDDF00BAB97C /* messageAppTests */ = {
			isa = PBXNativeTarget;
			buildConfigurationList = 3745B3F020A3DDDF00BAB97C /* Build configuration list for PBXNativeTarget "messageAppTests" */;
			buildPhases = (
				7368955D9EC411B728D5BDDB /* [CP] Check Pods Manifest.lock */,
				3745B3D520A3DDDF00BAB97C /* Sources */,
				3745B3D620A3DDDF00BAB97C /* Frameworks */,
				3745B3D720A3DDDF00BAB97C /* Resources */,
			);
			buildRules = (
			);
			dependencies = (
				3745B3DB20A3DDDF00BAB97C /* PBXTargetDependency */,
			);
			name = messageAppTests;
			productName = messageAppTests;
			productReference = 3745B3D920A3DDDF00BAB97C /* messageAppTests.xctest */;
			productType = "com.apple.product-type.bundle.unit-test";
		};
		3745B3E320A3DDDF00BAB97C /* messageAppUITests */ = {
			isa = PBXNativeTarget;
			buildConfigurationList = 3745B3F320A3DDDF00BAB97C /* Build configuration list for PBXNativeTarget "messageAppUITests" */;
			buildPhases = (
				8969E86D16679BFF47012F57 /* [CP] Check Pods Manifest.lock */,
				3745B3E020A3DDDF00BAB97C /* Sources */,
				3745B3E120A3DDDF00BAB97C /* Frameworks */,
				3745B3E220A3DDDF00BAB97C /* Resources */,
			);
			buildRules = (
			);
			dependencies = (
				3745B3E620A3DDDF00BAB97C /* PBXTargetDependency */,
			);
			name = messageAppUITests;
			productName = messageAppUITests;
			productReference = 3745B3E420A3DDDF00BAB97C /* messageAppUITests.xctest */;
			productType = "com.apple.product-type.bundle.ui-testing";
		};
/* End PBXNativeTarget section */

/* Begin PBXProject section */
		3745B3BB20A3DDDD00BAB97C /* Project object */ = {
			isa = PBXProject;
			attributes = {
				LastSwiftUpdateCheck = 0930;
				LastUpgradeCheck = 0930;
				ORGANIZATIONNAME = "watanabe-yudai";
				TargetAttributes = {
					3745B3C220A3DDDD00BAB97C = {
						CreatedOnToolsVersion = 9.3;
					};
					3745B3D820A3DDDF00BAB97C = {
						CreatedOnToolsVersion = 9.3;
						TestTargetID = 3745B3C220A3DDDD00BAB97C;
					};
					3745B3E320A3DDDF00BAB97C = {
						CreatedOnToolsVersion = 9.3;
						TestTargetID = 3745B3C220A3DDDD00BAB97C;
					};
				};
			};
			buildConfigurationList = 3745B3BE20A3DDDD00BAB97C /* Build configuration list for PBXProject "messageApp" */;
			compatibilityVersion = "Xcode 9.3";
			developmentRegion = en;
			hasScannedForEncodings = 0;
			knownRegions = (
				en,
				Base,
			);
			mainGroup = 3745B3BA20A3DDDD00BAB97C;
			productRefGroup = 3745B3C420A3DDDD00BAB97C /* Products */;
			projectDirPath = "";
			projectRoot = "";
			targets = (
				3745B3C220A3DDDD00BAB97C /* messageApp */,
				3745B3D820A3DDDF00BAB97C /* messageAppTests */,
				3745B3E320A3DDDF00BAB97C /* messageAppUITests */,
			);
		};
/* End PBXProject section */

/* Begin PBXResourcesBuildPhase section */
		3745B3C120A3DDDD00BAB97C /* Resources */ = {
			isa = PBXResourcesBuildPhase;
			buildActionMask = 2147483647;
			files = (
				3745B3D320A3DDDF00BAB97C /* LaunchScreen.storyboard in Resources */,
				37E21B3420A593D100A97986 /* SelfMessageTableViewCell.xib in Resources */,
				3745B3F720A3DF4D00BAB97C /* GoogleService-Info.plist in Resources */,
				3745B3D020A3DDDF00BAB97C /* Assets.xcassets in Resources */,
				3745B3CE20A3DDDD00BAB97C /* Main.storyboard in Resources */,
			);
			runOnlyForDeploymentPostprocessing = 0;
		};
		3745B3D720A3DDDF00BAB97C /* Resources */ = {
			isa = PBXResourcesBuildPhase;
			buildActionMask = 2147483647;
			files = (
			);
			runOnlyForDeploymentPostprocessing = 0;
		};
		3745B3E220A3DDDF00BAB97C /* Resources */ = {
			isa = PBXResourcesBuildPhase;
			buildActionMask = 2147483647;
			files = (
			);
			runOnlyForDeploymentPostprocessing = 0;
		};
/* End PBXResourcesBuildPhase section */

/* Begin PBXShellScriptBuildPhase section */
		7368955D9EC411B728D5BDDB /* [CP] Check Pods Manifest.lock */ = {
			isa = PBXShellScriptBuildPhase;
			buildActionMask = 2147483647;
			files = (
			);
			inputPaths = (
				"${PODS_PODFILE_DIR_PATH}/Podfile.lock",
				"${PODS_ROOT}/Manifest.lock",
			);
			name = "[CP] Check Pods Manifest.lock";
			outputPaths = (
				"$(DERIVED_FILE_DIR)/Pods-messageAppTests-checkManifestLockResult.txt",
			);
			runOnlyForDeploymentPostprocessing = 0;
			shellPath = /bin/sh;
			shellScript = "diff \"${PODS_PODFILE_DIR_PATH}/Podfile.lock\" \"${PODS_ROOT}/Manifest.lock\" > /dev/null\nif [ $? != 0 ] ; then\n    # print error to STDERR\n    echo \"error: The sandbox is not in sync with the Podfile.lock. Run 'pod install' or update your CocoaPods installation.\" >&2\n    exit 1\nfi\n# This output is used by Xcode 'outputs' to avoid re-running this script phase.\necho \"SUCCESS\" > \"${SCRIPT_OUTPUT_FILE_0}\"\n";
			showEnvVarsInLog = 0;
		};
		8494F673D68EBC6049CD3A44 /* [CP] Embed Pods Frameworks */ = {
			isa = PBXShellScriptBuildPhase;
			buildActionMask = 2147483647;
			files = (
			);
			inputPaths = (
				"${SRCROOT}/Pods/Target Support Files/Pods-messageApp/Pods-messageApp-frameworks.sh",
				"${BUILT_PRODUCTS_DIR}/BoringSSL/openssl.framework",
				"${BUILT_PRODUCTS_DIR}/GoogleToolboxForMac/GoogleToolboxForMac.framework",
				"${BUILT_PRODUCTS_DIR}/Protobuf/Protobuf.framework",
				"${BUILT_PRODUCTS_DIR}/RxCocoa/RxCocoa.framework",
				"${BUILT_PRODUCTS_DIR}/RxSwift/RxSwift.framework",
				"${BUILT_PRODUCTS_DIR}/gRPC/GRPCClient.framework",
				"${BUILT_PRODUCTS_DIR}/gRPC-Core/grpc.framework",
				"${BUILT_PRODUCTS_DIR}/gRPC-ProtoRPC/ProtoRPC.framework",
				"${BUILT_PRODUCTS_DIR}/gRPC-RxLibrary/RxLibrary.framework",
				"${BUILT_PRODUCTS_DIR}/leveldb-library/leveldb.framework",
				"${BUILT_PRODUCTS_DIR}/nanopb/nanopb.framework",
			);
			name = "[CP] Embed Pods Frameworks";
			outputPaths = (
				"${TARGET_BUILD_DIR}/${FRAMEWORKS_FOLDER_PATH}/openssl.framework",
				"${TARGET_BUILD_DIR}/${FRAMEWORKS_FOLDER_PATH}/GoogleToolboxForMac.framework",
				"${TARGET_BUILD_DIR}/${FRAMEWORKS_FOLDER_PATH}/Protobuf.framework",
				"${TARGET_BUILD_DIR}/${FRAMEWORKS_FOLDER_PATH}/RxCocoa.framework",
				"${TARGET_BUILD_DIR}/${FRAMEWORKS_FOLDER_PATH}/RxSwift.framework",
				"${TARGET_BUILD_DIR}/${FRAMEWORKS_FOLDER_PATH}/GRPCClient.framework",
				"${TARGET_BUILD_DIR}/${FRAMEWORKS_FOLDER_PATH}/grpc.framework",
				"${TARGET_BUILD_DIR}/${FRAMEWORKS_FOLDER_PATH}/ProtoRPC.framework",
				"${TARGET_BUILD_DIR}/${FRAMEWORKS_FOLDER_PATH}/RxLibrary.framework",
				"${TARGET_BUILD_DIR}/${FRAMEWORKS_FOLDER_PATH}/leveldb.framework",
				"${TARGET_BUILD_DIR}/${FRAMEWORKS_FOLDER_PATH}/nanopb.framework",
			);
			runOnlyForDeploymentPostprocessing = 0;
			shellPath = /bin/sh;
			shellScript = "\"${SRCROOT}/Pods/Target Support Files/Pods-messageApp/Pods-messageApp-frameworks.sh\"\n";
			showEnvVarsInLog = 0;
		};
		8969E86D16679BFF47012F57 /* [CP] Check Pods Manifest.lock */ = {
			isa = PBXShellScriptBuildPhase;
			buildActionMask = 2147483647;
			files = (
			);
			inputPaths = (
				"${PODS_PODFILE_DIR_PATH}/Podfile.lock",
				"${PODS_ROOT}/Manifest.lock",
			);
			name = "[CP] Check Pods Manifest.lock";
			outputPaths = (
				"$(DERIVED_FILE_DIR)/Pods-messageAppUITests-checkManifestLockResult.txt",
			);
			runOnlyForDeploymentPostprocessing = 0;
			shellPath = /bin/sh;
			shellScript = "diff \"${PODS_PODFILE_DIR_PATH}/Podfile.lock\" \"${PODS_ROOT}/Manifest.lock\" > /dev/null\nif [ $? != 0 ] ; then\n    # print error to STDERR\n    echo \"error: The sandbox is not in sync with the Podfile.lock. Run 'pod install' or update your CocoaPods installation.\" >&2\n    exit 1\nfi\n# This output is used by Xcode 'outputs' to avoid re-running this script phase.\necho \"SUCCESS\" > \"${SCRIPT_OUTPUT_FILE_0}\"\n";
			showEnvVarsInLog = 0;
		};
		C1A170AAA0A43E49AD111179 /* [CP] Check Pods Manifest.lock */ = {
			isa = PBXShellScriptBuildPhase;
			buildActionMask = 2147483647;
			files = (
			);
			inputPaths = (
				"${PODS_PODFILE_DIR_PATH}/Podfile.lock",
				"${PODS_ROOT}/Manifest.lock",
			);
			name = "[CP] Check Pods Manifest.lock";
			outputPaths = (
				"$(DERIVED_FILE_DIR)/Pods-messageApp-checkManifestLockResult.txt",
			);
			runOnlyForDeploymentPostprocessing = 0;
			shellPath = /bin/sh;
			shellScript = "diff \"${PODS_PODFILE_DIR_PATH}/Podfile.lock\" \"${PODS_ROOT}/Manifest.lock\" > /dev/null\nif [ $? != 0 ] ; then\n    # print error to STDERR\n    echo \"error: The sandbox is not in sync with the Podfile.lock. Run 'pod install' or update your CocoaPods installation.\" >&2\n    exit 1\nfi\n# This output is used by Xcode 'outputs' to avoid re-running this script phase.\necho \"SUCCESS\" > \"${SCRIPT_OUTPUT_FILE_0}\"\n";
			showEnvVarsInLog = 0;
		};
/* End PBXShellScriptBuildPhase section */

/* Begin PBXSourcesBuildPhase section */
		3745B3BF20A3DDDD00BAB97C /* Sources */ = {
			isa = PBXSourcesBuildPhase;
			buildActionMask = 2147483647;
			files = (
				3745B3CB20A3DDDD00BAB97C /* SecondViewController.swift in Sources */,
				3745B3C720A3DDDD00BAB97C /* AppDelegate.swift in Sources */,
				3745B3C920A3DDDD00BAB97C /* FirstViewController.swift in Sources */,
				37E21B3320A593D100A97986 /* SelfMessageTableViewCell.swift in Sources */,
			);
			runOnlyForDeploymentPostprocessing = 0;
		};
		3745B3D520A3DDDF00BAB97C /* Sources */ = {
			isa = PBXSourcesBuildPhase;
			buildActionMask = 2147483647;
			files = (
				3745B3DE20A3DDDF00BAB97C /* messageAppTests.swift in Sources */,
			);
			runOnlyForDeploymentPostprocessing = 0;
		};
		3745B3E020A3DDDF00BAB97C /* Sources */ = {
			isa = PBXSourcesBuildPhase;
			buildActionMask = 2147483647;
			files = (
				3745B3E920A3DDDF00BAB97C /* messageAppUITests.swift in Sources */,
			);
			runOnlyForDeploymentPostprocessing = 0;
		};
/* End PBXSourcesBuildPhase section */

/* Begin PBXTargetDependency section */
		3745B3DB20A3DDDF00BAB97C /* PBXTargetDependency */ = {
			isa = PBXTargetDependency;
			target = 3745B3C220A3DDDD00BAB97C /* messageApp */;
			targetProxy = 3745B3DA20A3DDDF00BAB97C /* PBXContainerItemProxy */;
		};
		3745B3E620A3DDDF00BAB97C /* PBXTargetDependency */ = {
			isa = PBXTargetDependency;
			target = 3745B3C220A3DDDD00BAB97C /* messageApp */;
			targetProxy = 3745B3E520A3DDDF00BAB97C /* PBXContainerItemProxy */;
		};
/* End PBXTargetDependency section */

/* Begin PBXVariantGroup section */
		3745B3CC20A3DDDD00BAB97C /* Main.storyboard */ = {
			isa = PBXVariantGroup;
			children = (
				3745B3CD20A3DDDD00BAB97C /* Base */,
			);
			name = Main.storyboard;
			sourceTree = "<group>";
		};
		3745B3D120A3DDDF00BAB97C /* LaunchScreen.storyboard */ = {
			isa = PBXVariantGroup;
			children = (
				3745B3D220A3DDDF00BAB97C /* Base */,
			);
			name = LaunchScreen.storyboard;
			sourceTree = "<group>";
		};
/* End PBXVariantGroup section */

/* Begin XCBuildConfiguration section */
		3745B3EB20A3DDDF00BAB97C /* Debug */ = {
			isa = XCBuildConfiguration;
			buildSettings = {
				ALWAYS_SEARCH_USER_PATHS = NO;
				CLANG_ANALYZER_NONNULL = YES;
				CLANG_ANALYZER_NUMBER_OBJECT_CONVERSION = YES_AGGRESSIVE;
				CLANG_CXX_LANGUAGE_STANDARD = "gnu++14";
				CLANG_CXX_LIBRARY = "libc++";
				CLANG_ENABLE_MODULES = YES;
				CLANG_ENABLE_OBJC_ARC = YES;
				CLANG_ENABLE_OBJC_WEAK = YES;
				CLANG_WARN_BLOCK_CAPTURE_AUTORELEASING = YES;
				CLANG_WARN_BOOL_CONVERSION = YES;
				CLANG_WARN_COMMA = YES;
				CLANG_WARN_CONSTANT_CONVERSION = YES;
				CLANG_WARN_DEPRECATED_OBJC_IMPLEMENTATIONS = YES;
				CLANG_WARN_DIRECT_OBJC_ISA_USAGE = YES_ERROR;
				CLANG_WARN_DOCUMENTATION_COMMENTS = YES;
				CLANG_WARN_EMPTY_BODY = YES;
				CLANG_WARN_ENUM_CONVERSION = YES;
				CLANG_WARN_INFINITE_RECURSION = YES;
				CLANG_WARN_INT_CONVERSION = YES;
				CLANG_WARN_NON_LITERAL_NULL_CONVERSION = YES;
				CLANG_WARN_OBJC_IMPLICIT_RETAIN_SELF = YES;
				CLANG_WARN_OBJC_LITERAL_CONVERSION = YES;
				CLANG_WARN_OBJC_ROOT_CLASS = YES_ERROR;
				CLANG_WARN_RANGE_LOOP_ANALYSIS = YES;
				CLANG_WARN_STRICT_PROTOTYPES = YES;
				CLANG_WARN_SUSPICIOUS_MOVE = YES;
				CLANG_WARN_UNGUARDED_AVAILABILITY = YES_AGGRESSIVE;
				CLANG_WARN_UNREACHABLE_CODE = YES;
				CLANG_WARN__DUPLICATE_METHOD_MATCH = YES;
				CODE_SIGN_IDENTITY = "iPhone Developer";
				COPY_PHASE_STRIP = NO;
				DEBUG_INFORMATION_FORMAT = dwarf;
				ENABLE_STRICT_OBJC_MSGSEND = YES;
				ENABLE_TESTABILITY = YES;
				GCC_C_LANGUAGE_STANDARD = gnu11;
				GCC_DYNAMIC_NO_PIC = NO;
				GCC_NO_COMMON_BLOCKS = YES;
				GCC_OPTIMIZATION_LEVEL = 0;
				GCC_PREPROCESSOR_DEFINITIONS = (
					"DEBUG=1",
					"$(inherited)",
				);
				GCC_WARN_64_TO_32_BIT_CONVERSION = YES;
				GCC_WARN_ABOUT_RETURN_TYPE = YES_ERROR;
				GCC_WARN_UNDECLARED_SELECTOR = YES;
				GCC_WARN_UNINITIALIZED_AUTOS = YES_AGGRESSIVE;
				GCC_WARN_UNUSED_FUNCTION = YES;
				GCC_WARN_UNUSED_VARIABLE = YES;
				IPHONEOS_DEPLOYMENT_TARGET = 11.3;
				MTL_ENABLE_DEBUG_INFO = YES;
				ONLY_ACTIVE_ARCH = YES;
				SDKROOT = iphoneos;
				SWIFT_ACTIVE_COMPILATION_CONDITIONS = DEBUG;
				SWIFT_OPTIMIZATION_LEVEL = "-Onone";
			};
			name = Debug;
		};
		3745B3EC20A3DDDF00BAB97C /* Release */ = {
			isa = XCBuildConfiguration;
			buildSettings = {
				ALWAYS_SEARCH_USER_PATHS = NO;
				CLANG_ANALYZER_NONNULL = YES;
				CLANG_ANALYZER_NUMBER_OBJECT_CONVERSION = YES_AGGRESSIVE;
				CLANG_CXX_LANGUAGE_STANDARD = "gnu++14";
				CLANG_CXX_LIBRARY = "libc++";
				CLANG_ENABLE_MODULES = YES;
				CLANG_ENABLE_OBJC_ARC = YES;
				CLANG_ENABLE_OBJC_WEAK = YES;
				CLANG_WARN_BLOCK_CAPTURE_AUTORELEASING = YES;
				CLANG_WARN_BOOL_CONVERSION = YES;
				CLANG_WARN_COMMA = YES;
				CLANG_WARN_CONSTANT_CONVERSION = YES;
				CLANG_WARN_DEPRECATED_OBJC_IMPLEMENTATIONS = YES;
				CLANG_WARN_DIRECT_OBJC_ISA_USAGE = YES_ERROR;
				CLANG_WARN_DOCUMENTATION_COMMENTS = YES;
				CLANG_WARN_EMPTY_BODY = YES;
				CLANG_WARN_ENUM_CONVERSION = YES;
				CLANG_WARN_INFINITE_RECURSION = YES;
				CLANG_WARN_INT_CONVERSION = YES;
				CLANG_WARN_NON_LITERAL_NULL_CONVERSION = YES;
				CLANG_WARN_OBJC_IMPLICIT_RETAIN_SELF = YES;
				CLANG_WARN_OBJC_LITERAL_CONVERSION = YES;
				CLANG_WARN_OBJC_ROOT_CLASS = YES_ERROR;
				CLANG_WARN_RANGE_LOOP_ANALYSIS = YES;
				CLANG_WARN_STRICT_PROTOTYPES = YES;
				CLANG_WARN_SUSPICIOUS_MOVE = YES;
				CLANG_WARN_UNGUARDED_AVAILABILITY = YES_AGGRESSIVE;
				CLANG_WARN_UNREACHABLE_CODE = YES;
				CLANG_WARN__DUPLICATE_METHOD_MATCH = YES;
				CODE_SIGN_IDENTITY = "iPhone Developer";
				COPY_PHASE_STRIP = NO;
				DEBUG_INFORMATION_FORMAT = "dwarf-with-dsym";
				ENABLE_NS_ASSERTIONS = NO;
				ENABLE_STRICT_OBJC_MSGSEND = YES;
				GCC_C_LANGUAGE_STANDARD = gnu11;
				GCC_NO_COMMON_BLOCKS = YES;
				GCC_WARN_64_TO_32_BIT_CONVERSION = YES;
				GCC_WARN_ABOUT_RETURN_TYPE = YES_ERROR;
				GCC_WARN_UNDECLARED_SELECTOR = YES;
				GCC_WARN_UNINITIALIZED_AUTOS = YES_AGGRESSIVE;
				GCC_WARN_UNUSED_FUNCTION = YES;
				GCC_WARN_UNUSED_VARIABLE = YES;
				IPHONEOS_DEPLOYMENT_TARGET = 11.3;
				MTL_ENABLE_DEBUG_INFO = NO;
				SDKROOT = iphoneos;
				SWIFT_COMPILATION_MODE = wholemodule;
				SWIFT_OPTIMIZATION_LEVEL = "-O";
				VALIDATE_PRODUCT = YES;
			};
			name = Release;
		};
		3745B3EE20A3DDDF00BAB97C /* Debug */ = {
			isa = XCBuildConfiguration;
			baseConfigurationReference = 4CFB6208F914069AF6A767C8 /* Pods-messageApp.debug.xcconfig */;
			buildSettings = {
				ASSETCATALOG_COMPILER_APPICON_NAME = AppIcon;
				CODE_SIGN_STYLE = Automatic;
				DEVELOPMENT_TEAM = MUCG9T2HC3;
				INFOPLIST_FILE = messageApp/Info.plist;
				IPHONEOS_DEPLOYMENT_TARGET = 10.0;
				LD_RUNPATH_SEARCH_PATHS = (
					"$(inherited)",
					"@executable_path/Frameworks",
				);
				PRODUCT_BUNDLE_IDENTIFIER = test.messageApp;
				PRODUCT_NAME = "$(TARGET_NAME)";
				SWIFT_VERSION = 4.0;
				TARGETED_DEVICE_FAMILY = "1,2";
			};
			name = Debug;
		};
		3745B3EF20A3DDDF00BAB97C /* Release */ = {
			isa = XCBuildConfiguration;
			baseConfigurationReference = 46158C86B913D2EF9F3334A6 /* Pods-messageApp.release.xcconfig */;
			buildSettings = {
				ASSETCATALOG_COMPILER_APPICON_NAME = AppIcon;
				CODE_SIGN_STYLE = Automatic;
				DEVELOPMENT_TEAM = MUCG9T2HC3;
				INFOPLIST_FILE = messageApp/Info.plist;
				IPHONEOS_DEPLOYMENT_TARGET = 10.0;
				LD_RUNPATH_SEARCH_PATHS = (
					"$(inherited)",
					"@executable_path/Frameworks",
				);
				PRODUCT_BUNDLE_IDENTIFIER = test.messageApp;
				PRODUCT_NAME = "$(TARGET_NAME)";
				SWIFT_VERSION = 4.0;
				TARGETED_DEVICE_FAMILY = "1,2";
			};
			name = Release;
		};
		3745B3F120A3DDDF00BAB97C /* Debug */ = {
			isa = XCBuildConfiguration;
			baseConfigurationReference = 33966E639EA1BEF6CAA648BA /* Pods-messageAppTests.debug.xcconfig */;
			buildSettings = {
				ALWAYS_EMBED_SWIFT_STANDARD_LIBRARIES = YES;
				BUNDLE_LOADER = "$(TEST_HOST)";
				CODE_SIGN_STYLE = Automatic;
				DEVELOPMENT_TEAM = MUCG9T2HC3;
				INFOPLIST_FILE = messageAppTests/Info.plist;
				LD_RUNPATH_SEARCH_PATHS = (
					"$(inherited)",
					"@executable_path/Frameworks",
					"@loader_path/Frameworks",
				);
				PRODUCT_BUNDLE_IDENTIFIER = test.messageAppTests;
				PRODUCT_NAME = "$(TARGET_NAME)";
				SWIFT_VERSION = 4.0;
				TARGETED_DEVICE_FAMILY = "1,2";
				TEST_HOST = "$(BUILT_PRODUCTS_DIR)/messageApp.app/messageApp";
			};
			name = Debug;
		};
		3745B3F220A3DDDF00BAB97C /* Release */ = {
			isa = XCBuildConfiguration;
			baseConfigurationReference = 6369EE032A88B1C3E0C2515C /* Pods-messageAppTests.release.xcconfig */;
			buildSettings = {
				ALWAYS_EMBED_SWIFT_STANDARD_LIBRARIES = YES;
				BUNDLE_LOADER = "$(TEST_HOST)";
				CODE_SIGN_STYLE = Automatic;
				DEVELOPMENT_TEAM = MUCG9T2HC3;
				INFOPLIST_FILE = messageAppTests/Info.plist;
				LD_RUNPATH_SEARCH_PATHS = (
					"$(inherited)",
					"@executable_path/Frameworks",
					"@loader_path/Frameworks",
				);
				PRODUCT_BUNDLE_IDENTIFIER = test.messageAppTests;
				PRODUCT_NAME = "$(TARGET_NAME)";
				SWIFT_VERSION = 4.0;
				TARGETED_DEVICE_FAMILY = "1,2";
				TEST_HOST = "$(BUILT_PRODUCTS_DIR)/messageApp.app/messageApp";
			};
			name = Release;
		};
		3745B3F420A3DDDF00BAB97C /* Debug */ = {
			isa = XCBuildConfiguration;
			baseConfigurationReference = F7DB5C39A3E7D7FED9D12586 /* Pods-messageAppUITests.debug.xcconfig */;
			buildSettings = {
				ALWAYS_EMBED_SWIFT_STANDARD_LIBRARIES = YES;
				CODE_SIGN_STYLE = Automatic;
				DEVELOPMENT_TEAM = MUCG9T2HC3;
				INFOPLIST_FILE = messageAppUITests/Info.plist;
				LD_RUNPATH_SEARCH_PATHS = (
					"$(inherited)",
					"@executable_path/Frameworks",
					"@loader_path/Frameworks",
				);
				PRODUCT_BUNDLE_IDENTIFIER = test.messageAppUITests;
				PRODUCT_NAME = "$(TARGET_NAME)";
				SWIFT_VERSION = 4.0;
				TARGETED_DEVICE_FAMILY = "1,2";
				TEST_TARGET_NAME = messageApp;
			};
			name = Debug;
		};
		3745B3F520A3DDDF00BAB97C /* Release */ = {
			isa = XCBuildConfiguration;
			baseConfigurationReference = 0C79AA263D8DF55C6F9EA677 /* Pods-messageAppUITests.release.xcconfig */;
			buildSettings = {
				ALWAYS_EMBED_SWIFT_STANDARD_LIBRARIES = YES;
				CODE_SIGN_STYLE = Automatic;
				DEVELOPMENT_TEAM = MUCG9T2HC3;
				INFOPLIST_FILE = messageAppUITests/Info.plist;
				LD_RUNPATH_SEARCH_PATHS = (
					"$(inherited)",
					"@executable_path/Frameworks",
					"@loader_path/Frameworks",
				);
				PRODUCT_BUNDLE_IDENTIFIER = test.messageAppUITests;
				PRODUCT_NAME = "$(TARGET_NAME)";
				SWIFT_VERSION = 4.0;
				TARGETED_DEVICE_FAMILY = "1,2";
				TEST_TARGET_NAME = messageApp;
			};
			name = Release;
		};
/* End XCBuildConfiguration section */

/* Begin XCConfigurationList section */
		3745B3BE20A3DDDD00BAB97C /* Build configuration list for PBXProject "messageApp" */ = {
			isa = XCConfigurationList;
			buildConfigurations = (
				3745B3EB20A3DDDF00BAB97C /* Debug */,
				3745B3EC20A3DDDF00BAB97C /* Release */,
			);
			defaultConfigurationIsVisible = 0;
			defaultConfigurationName = Release;
		};
		3745B3ED20A3DDDF00BAB97C /* Build configuration list for PBXNativeTarget "messageApp" */ = {
			isa = XCConfigurationList;
			buildConfigurations = (
				3745B3EE20A3DDDF00BAB97C /* Debug */,
				3745B3EF20A3DDDF00BAB97C /* Release */,
			);
			defaultConfigurationIsVisible = 0;
			defaultConfigurationName = Release;
		};
		3745B3F020A3DDDF00BAB97C /* Build configuration list for PBXNativeTarget "messageAppTests" */ = {
			isa = XCConfigurationList;
			buildConfigurations = (
				3745B3F120A3DDDF00BAB97C /* Debug */,
				3745B3F220A3DDDF00BAB97C /* Release */,
			);
			defaultConfigurationIsVisible = 0;
			defaultConfigurationName = Release;
		};
		3745B3F320A3DDDF00BAB97C /* Build configuration list for PBXNativeTarget "messageAppUITests" */ = {
			isa = XCConfigurationList;
			buildConfigurations = (
				3745B3F420A3DDDF00BAB97C /* Debug */,
				3745B3F520A3DDDF00BAB97C /* Release */,
			);
			defaultConfigurationIsVisible = 0;
			defaultConfigurationName = Release;
		};
/* End XCConfigurationList section */
	};
	rootObject = 3745B3BB20A3DDDD00BAB97C /* Project object */;
}
